
Microsoft Visual Studio Solution File, Format Version 12.00
# Visual Studio Version 17
VisualStudioVersion = 17.1.32328.378
MinimumVisualStudioVersion = 10.0.40219.1
Project("{FAE04EC0-301F-11D3-BF4B-00C04F79EFBC}") = "lab work 2", "lab work 2\lab work 2.csproj", "{A04A5029-3BC9-4E35-B17E-0C59F233D318}"
EndProject
Global
	GlobalSection(SolutionConfigurationPlatforms) = preSolution
		Debug|Any CPU = Debug|Any CPU
		Release|Any CPU = Release|Any CPU
	EndGlobalSection
	GlobalSection(ProjectConfigurationPlatforms) = postSolution
		{A04A5029-3BC9-4E35-B17E-0C59F233D318}.Debug|Any CPU.ActiveCfg = Debug|Any CPU
		{A04A5029-3BC9-4E35-B17E-0C59F233D318}.Debug|Any CPU.Build.0 = Debug|Any CPU
		{A04A5029-3BC9-4E35-B17E-0C59F233D318}.Release|Any CPU.ActiveCfg = Release|Any CPU
		{A04A5029-3BC9-4E35-B17E-0C59F233D318}.Release|Any CPU.Build.0 = Release|Any CPU
	EndGlobalSection
	GlobalSection(SolutionProperties) = preSolution
		HideSolutionNode = FALSE
	EndGlobalSection
	GlobalSection(ExtensibilityGlobals) = postSolution
		SolutionGuid = {69EF4432-81B3-4746-B902-AEDE680DB0A4}
	EndGlobalSection
EndGlobal
